
Microsoft Visual Studio Solution File, Format Version 12.00
# Visual Studio Version 17
VisualStudioVersion = 17.10.35013.160
MinimumVisualStudioVersion = 10.0.40219.1
Project("{FAE04EC0-301F-11D3-BF4B-00C04F79EFBC}") = "VnkDecor", "VnkDecor.csproj", "{A8D108AD-CA14-442A-8E05-786D797D7FEE}"
EndProject
Global
	GlobalSection(SolutionConfigurationPlatforms) = preSolution
		Debug|Any CPU = Debug|Any CPU
		Release|Any CPU = Release|Any CPU
	EndGlobalSection
	GlobalSection(ProjectConfigurationPlatforms) = postSolution
		{A8D108AD-CA14-442A-8E05-786D797D7FEE}.Debug|Any CPU.ActiveCfg = Debug|Any CPU
		{A8D108AD-CA14-442A-8E05-786D797D7FEE}.Debug|Any CPU.Build.0 = Debug|Any CPU
		{A8D108AD-CA14-442A-8E05-786D797D7FEE}.Release|Any CPU.ActiveCfg = Release|Any CPU
		{A8D108AD-CA14-442A-8E05-786D797D7FEE}.Release|Any CPU.Build.0 = Release|Any CPU
	EndGlobalSection
	GlobalSection(SolutionProperties) = preSolution
		HideSolutionNode = FALSE
	EndGlobalSection
	GlobalSection(ExtensibilityGlobals) = postSolution
		SolutionGuid = {2DE86999-44D1-4E70-9558-AD426346B8FA}
	EndGlobalSection
EndGlobal
